
Microsoft Visual Studio Solution File, Format Version 12.00
# Visual Studio Version 17
VisualStudioVersion = 17.8.34601.278
MinimumVisualStudioVersion = 10.0.40219.1
Project("{9A19103F-16F7-4668-BE54-9A1E7A4F7556}") = "HeavenDreamsBooking", "HeavenDreamsBooking\HeavenDreamsBooking.csproj", "{E7384E44-3275-4079-ACF7-C3B03AED70AB}"
EndProject
Project("{9A19103F-16F7-4668-BE54-9A1E7A4F7556}") = "HeavenDreamsBooking.Core", "HeavenDreamsBooking.Core\HeavenDreamsBooking.Core.csproj", "{7B3AEF0F-9345-4E32-89A0-6940A14334FB}"
EndProject
Project("{9A19103F-16F7-4668-BE54-9A1E7A4F7556}") = "HeavenDreamsBooking.Infrastructure", "HeavenDreamsBooking.Infrastructure\HeavenDreamsBooking.Infrastructure.csproj", "{20454DE4-E1F4-45C7-B02E-563F880E600B}"
EndProject
Project("{FAE04EC0-301F-11D3-BF4B-00C04F79EFBC}") = "HeavenDreansBooking", "HeavenDreansBooking\HeavenDreansBooking.csproj", "{DBA401C1-95B8-4CCA-8EF7-CA557669343C}"
EndProject
Global
	GlobalSection(SolutionConfigurationPlatforms) = preSolution
		Debug|Any CPU = Debug|Any CPU
		Release|Any CPU = Release|Any CPU
	EndGlobalSection
	GlobalSection(ProjectConfigurationPlatforms) = postSolution
		{E7384E44-3275-4079-ACF7-C3B03AED70AB}.Debug|Any CPU.ActiveCfg = Debug|Any CPU
		{E7384E44-3275-4079-ACF7-C3B03AED70AB}.Debug|Any CPU.Build.0 = Debug|Any CPU
		{E7384E44-3275-4079-ACF7-C3B03AED70AB}.Release|Any CPU.ActiveCfg = Release|Any CPU
		{E7384E44-3275-4079-ACF7-C3B03AED70AB}.Release|Any CPU.Build.0 = Release|Any CPU
		{7B3AEF0F-9345-4E32-89A0-6940A14334FB}.Debug|Any CPU.ActiveCfg = Debug|Any CPU
		{7B3AEF0F-9345-4E32-89A0-6940A14334FB}.Debug|Any CPU.Build.0 = Debug|Any CPU
		{7B3AEF0F-9345-4E32-89A0-6940A14334FB}.Release|Any CPU.ActiveCfg = Release|Any CPU
		{7B3AEF0F-9345-4E32-89A0-6940A14334FB}.Release|Any CPU.Build.0 = Release|Any CPU
		{20454DE4-E1F4-45C7-B02E-563F880E600B}.Debug|Any CPU.ActiveCfg = Debug|Any CPU
		{20454DE4-E1F4-45C7-B02E-563F880E600B}.Debug|Any CPU.Build.0 = Debug|Any CPU
		{20454DE4-E1F4-45C7-B02E-563F880E600B}.Release|Any CPU.ActiveCfg = Release|Any CPU
		{20454DE4-E1F4-45C7-B02E-563F880E600B}.Release|Any CPU.Build.0 = Release|Any CPU
		{DBA401C1-95B8-4CCA-8EF7-CA557669343C}.Debug|Any CPU.ActiveCfg = Debug|Any CPU
		{DBA401C1-95B8-4CCA-8EF7-CA557669343C}.Debug|Any CPU.Build.0 = Debug|Any CPU
		{DBA401C1-95B8-4CCA-8EF7-CA557669343C}.Release|Any CPU.ActiveCfg = Release|Any CPU
		{DBA401C1-95B8-4CCA-8EF7-CA557669343C}.Release|Any CPU.Build.0 = Release|Any CPU
	EndGlobalSection
	GlobalSection(SolutionProperties) = preSolution
		HideSolutionNode = FALSE
	EndGlobalSection
	GlobalSection(ExtensibilityGlobals) = postSolution
		SolutionGuid = {107F4782-6B43-4764-888E-137F88A6E1BD}
	EndGlobalSection
EndGlobal
